
Microsoft Visual Studio Solution File, Format Version 12.00
# Visual Studio Express 2013 for Windows Desktop
VisualStudioVersion = 12.0.21005.1
MinimumVisualStudioVersion = 10.0.40219.1
Project("{FAE04EC0-301F-11D3-BF4B-00C04F79EFBC}") = "Fire", "Fire\Fire.csproj", "{0D496CA1-DED7-4032-80CF-6205AE069228}"
EndProject
Project("{FAE04EC0-301F-11D3-BF4B-00C04F79EFBC}") = "VendingMachine", "VendingMachine\VendingMachine.csproj", "{8A8D2100-447D-4B90-A641-78312DE49E77}"
EndProject
Project("{FAE04EC0-301F-11D3-BF4B-00C04F79EFBC}") = "drink", "drink\drink.csproj", "{C3B19043-BB5B-4243-BFE1-B5239B52EEE0}"
EndProject
Project("{FAE04EC0-301F-11D3-BF4B-00C04F79EFBC}") = "BullsAndCows", "BullsAndCows\BullsAndCows.csproj", "{7BA7871D-D770-4EBF-8C4D-B8D39B30DB2C}"
EndProject
Global
	GlobalSection(SolutionConfigurationPlatforms) = preSolution
		Debug|Any CPU = Debug|Any CPU
		Release|Any CPU = Release|Any CPU
	EndGlobalSection
	GlobalSection(ProjectConfigurationPlatforms) = postSolution
		{0D496CA1-DED7-4032-80CF-6205AE069228}.Debug|Any CPU.ActiveCfg = Debug|Any CPU
		{0D496CA1-DED7-4032-80CF-6205AE069228}.Debug|Any CPU.Build.0 = Debug|Any CPU
		{0D496CA1-DED7-4032-80CF-6205AE069228}.Release|Any CPU.ActiveCfg = Release|Any CPU
		{0D496CA1-DED7-4032-80CF-6205AE069228}.Release|Any CPU.Build.0 = Release|Any CPU
		{8A8D2100-447D-4B90-A641-78312DE49E77}.Debug|Any CPU.ActiveCfg = Debug|Any CPU
		{8A8D2100-447D-4B90-A641-78312DE49E77}.Debug|Any CPU.Build.0 = Debug|Any CPU
		{8A8D2100-447D-4B90-A641-78312DE49E77}.Release|Any CPU.ActiveCfg = Release|Any CPU
		{8A8D2100-447D-4B90-A641-78312DE49E77}.Release|Any CPU.Build.0 = Release|Any CPU
		{C3B19043-BB5B-4243-BFE1-B5239B52EEE0}.Debug|Any CPU.ActiveCfg = Debug|Any CPU
		{C3B19043-BB5B-4243-BFE1-B5239B52EEE0}.Debug|Any CPU.Build.0 = Debug|Any CPU
		{C3B19043-BB5B-4243-BFE1-B5239B52EEE0}.Release|Any CPU.ActiveCfg = Release|Any CPU
		{C3B19043-BB5B-4243-BFE1-B5239B52EEE0}.Release|Any CPU.Build.0 = Release|Any CPU
		{7BA7871D-D770-4EBF-8C4D-B8D39B30DB2C}.Debug|Any CPU.ActiveCfg = Debug|Any CPU
		{7BA7871D-D770-4EBF-8C4D-B8D39B30DB2C}.Debug|Any CPU.Build.0 = Debug|Any CPU
		{7BA7871D-D770-4EBF-8C4D-B8D39B30DB2C}.Release|Any CPU.ActiveCfg = Release|Any CPU
		{7BA7871D-D770-4EBF-8C4D-B8D39B30DB2C}.Release|Any CPU.Build.0 = Release|Any CPU
	EndGlobalSection
	GlobalSection(SolutionProperties) = preSolution
		HideSolutionNode = FALSE
	EndGlobalSection
EndGlobal
